
Microsoft Visual Studio Solution File, Format Version 12.00
# Visual Studio Version 17
VisualStudioVersion = 17.9.34622.214
MinimumVisualStudioVersion = 10.0.40219.1
Project("{FAE04EC0-301F-11D3-BF4B-00C04F79EFBC}") = "OnlinePayments2024", "OnlinePayments2024.csproj", "{76CC3BE5-B452-44BD-93E2-F0ACA0AD4CC6}"
EndProject
Global
	GlobalSection(SolutionConfigurationPlatforms) = preSolution
		Debug|Any CPU = Debug|Any CPU
		Release|Any CPU = Release|Any CPU
	EndGlobalSection
	GlobalSection(ProjectConfigurationPlatforms) = postSolution
		{76CC3BE5-B452-44BD-93E2-F0ACA0AD4CC6}.Debug|Any CPU.ActiveCfg = Debug|Any CPU
		{76CC3BE5-B452-44BD-93E2-F0ACA0AD4CC6}.Debug|Any CPU.Build.0 = Debug|Any CPU
		{76CC3BE5-B452-44BD-93E2-F0ACA0AD4CC6}.Release|Any CPU.ActiveCfg = Release|Any CPU
		{76CC3BE5-B452-44BD-93E2-F0ACA0AD4CC6}.Release|Any CPU.Build.0 = Release|Any CPU
	EndGlobalSection
	GlobalSection(SolutionProperties) = preSolution
		HideSolutionNode = FALSE
	EndGlobalSection
	GlobalSection(ExtensibilityGlobals) = postSolution
		SolutionGuid = {A1B78241-F1EA-49C5-8321-F4926002922C}
	EndGlobalSection
EndGlobal
